// !$*UTF8*$!
{
	archiveVersion = 1;
	classes = {
	};
	objectVersion = 46;
	objects = {

/* Begin PBXBuildFile section */
		8F400DB51DBD104400E90473 /* AppDelegate.swift in Sources */ = {isa = PBXBuildFile; fileRef = 8F400DB41DBD104400E90473 /* AppDelegate.swift */; };
		8F400DB71DBD104400E90473 /* ViewController.swift in Sources */ = {isa = PBXBuildFile; fileRef = 8F400DB61DBD104400E90473 /* ViewController.swift */; };
		8F400DBA1DBD104400E90473 /* Main.storyboard in Resources */ = {isa = PBXBuildFile; fileRef = 8F400DB81DBD104400E90473 /* Main.storyboard */; };
		8F400DBC1DBD104400E90473 /* Assets.xcassets in Resources */ = {isa = PBXBuildFile; fileRef = 8F400DBB1DBD104400E90473 /* Assets.xcassets */; };
		8F400DBF1DBD104400E90473 /* LaunchScreen.storyboard in Resources */ = {isa = PBXBuildFile; fileRef = 8F400DBD1DBD104400E90473 /* LaunchScreen.storyboard */; };
		8F400DCA1DBD104400E90473 /* FractalTests.swift in Sources */ = {isa = PBXBuildFile; fileRef = 8F400DC91DBD104400E90473 /* FractalTests.swift */; };
		8F400DD51DBD104400E90473 /* FractalUITests.swift in Sources */ = {isa = PBXBuildFile; fileRef = 8F400DD41DBD104400E90473 /* FractalUITests.swift */; };
/* End PBXBuildFile section */

/* Begin PBXContainerItemProxy section */
		8F400DC61DBD104400E90473 /* PBXContainerItemProxy */ = {
			isa = PBXContainerItemProxy;
			containerPortal = 8F400DA91DBD104400E90473 /* Project object */;
			proxyType = 1;
			remoteGlobalIDString = 8F400DB01DBD104400E90473;
			remoteInfo = Fractal;
		};
		8F400DD11DBD104400E90473 /* PBXContainerItemProxy */ = {
			isa = PBXContainerItemProxy;
			containerPortal = 8F400DA91DBD104400E90473 /* Project object */;
			proxyType = 1;
			remoteGlobalIDString = 8F400DB01DBD104400E90473;
			remoteInfo = Fractal;
		};
/* End PBXContainerItemProxy section */

/* Begin PBXFileReference section */
		8F400DB11DBD104400E90473 /* Fractal.app */ = {isa = PBXFileReference; explicitFileType = wrapper.application; includeInIndex = 0; path = Fractal.app; sourceTree = BUILT_PRODUCTS_DIR; };
		8F400DB41DBD104400E90473 /* AppDelegate.swift */ = {isa = PBXFileReference; lastKnownFileType = sourcecode.swift; path = AppDelegate.swift; sourceTree = "<group>"; };
		8F400DB61DBD104400E90473 /* ViewController.swift */ = {isa = PBXFileReference; lastKnownFileType = sourcecode.swift; path = ViewController.swift; sourceTree = "<group>"; };
		8F400DB91DBD104400E90473 /* Base */ = {isa = PBXFileReference; lastKnownFileType = file.storyboard; name = Base; path = Base.lproj/Main.storyboard; sourceTree = "<group>"; };
		8F400DBB1DBD104400E90473 /* Assets.xcassets */ = {isa = PBXFileReference; lastKnownFileType = folder.assetcatalog; path = Assets.xcassets; sourceTree = "<group>"; };
		8F400DBE1DBD104400E90473 /* Base */ = {isa = PBXFileReference; lastKnownFileType = file.storyboard; name = Base; path = Base.lproj/LaunchScreen.storyboard; sourceTree = "<group>"; };
		8F400DC01DBD104400E90473 /* Info.plist */ = {isa = PBXFileReference; lastKnownFileType = text.plist.xml; path = Info.plist; sourceTree = "<group>"; };
		8F400DC51DBD104400E90473 /* FractalTests.xctest */ = {isa = PBXFileReference; explicitFileType = wrapper.cfbundle; includeInIndex = 0; path = FractalTests.xctest; sourceTree = BUILT_PRODUCTS_DIR; };
		8F400DC91DBD104400E90473 /* FractalTests.swift */ = {isa = PBXFileReference; lastKnownFileType = sourcecode.swift; path = FractalTests.swift; sourceTree = "<group>"; };
		8F400DCB1DBD104400E90473 /* Info.plist */ = {isa = PBXFileReference; lastKnownFileType = text.plist.xml; path = Info.plist; sourceTree = "<group>"; };
		8F400DD01DBD104400E90473 /* FractalUITests.xctest */ = {isa = PBXFileReference; explicitFileType = wrapper.cfbundle; includeInIndex = 0; path = FractalUITests.xctest; sourceTree = BUILT_PRODUCTS_DIR; };
		8F400DD41DBD104400E90473 /* FractalUITests.swift */ = {isa = PBXFileReference; lastKnownFileType = sourcecode.swift; path = FractalUITests.swift; sourceTree = "<group>"; };
		8F400DD61DBD104400E90473 /* Info.plist */ = {isa = PBXFileReference; lastKnownFileType = text.plist.xml; path = Info.plist; sourceTree = "<group>"; };
/* End PBXFileReference section */

/* Begin PBXFrameworksBuildPhase section */
		8F400DAE1DBD104400E90473 /* Frameworks */ = {
			isa = PBXFrameworksBuildPhase;
			buildActionMask = 2147483647;
			files = (
			);
			runOnlyForDeploymentPostprocessing = 0;
		};
		8F400DC21DBD104400E90473 /* Frameworks */ = {
			isa = PBXFrameworksBuildPhase;
			buildActionMask = 2147483647;
			files = (
			);
			runOnlyForDeploymentPostprocessing = 0;
		};
		8F400DCD1DBD104400E90473 /* Frameworks */ = {
			isa = PBXFrameworksBuildPhase;
			buildActionMask = 2147483647;
			files = (
			);
			runOnlyForDeploymentPostprocessing = 0;
		};
/* End PBXFrameworksBuildPhase section */

/* Begin PBXGroup section */
		8F400DA81DBD104400E90473 = {
			isa = PBXGroup;
			children = (
				8F400DB31DBD104400E90473 /* Fractal */,
				8F400DC81DBD104400E90473 /* FractalTests */,
				8F400DD31DBD104400E90473 /* FractalUITests */,
				8F400DB21DBD104400E90473 /* Products */,
			);
			sourceTree = "<group>";
		};
		8F400DB21DBD104400E90473 /* Products */ = {
			isa = PBXGroup;
			children = (
				8F400DB11DBD104400E90473 /* Fractal.app */,
				8F400DC51DBD104400E90473 /* FractalTests.xctest */,
				8F400DD01DBD104400E90473 /* FractalUITests.xctest */,
			);
			name = Products;
			sourceTree = "<group>";
		};
		8F400DB31DBD104400E90473 /* Fractal */ = {
			isa = PBXGroup;
			children = (
				8F400DB41DBD104400E90473 /* AppDelegate.swift */,
				8F400DB61DBD104400E90473 /* ViewController.swift */,
				8F400DB81DBD104400E90473 /* Main.storyboard */,
				8F400DBB1DBD104400E90473 /* Assets.xcassets */,
				8F400DBD1DBD104400E90473 /* LaunchScreen.storyboard */,
				8F400DC01DBD104400E90473 /* Info.plist */,
			);
			path = Fractal;
			sourceTree = "<group>";
		};
		8F400DC81DBD104400E90473 /* FractalTests */ = {
			isa = PBXGroup;
			children = (
				8F400DC91DBD104400E90473 /* FractalTests.swift */,
				8F400DCB1DBD104400E90473 /* Info.plist */,
			);
			path = FractalTests;
			sourceTree = "<group>";
		};
		8F400DD31DBD104400E90473 /* FractalUITests */ = {
			isa = PBXGroup;
			children = (
				8F400DD41DBD104400E90473 /* FractalUITests.swift */,
				8F400DD61DBD104400E90473 /* Info.plist */,
			);
			path = FractalUITests;
			sourceTree = "<group>";
		};
/* End PBXGroup section */

/* Begin PBXNativeTarget section */
		8F400DB01DBD104400E90473 /* Fractal */ = {
			isa = PBXNativeTarget;
			buildConfigurationList = 8F400DD91DBD104400E90473 /* Build configuration list for PBXNativeTarget "Fractal" */;
			buildPhases = (
				8F400DAD1DBD104400E90473 /* Sources */,
				8F400DAE1DBD104400E90473 /* Frameworks */,
				8F400DAF1DBD104400E90473 /* Resources */,
			);
			buildRules = (
			);
			dependencies = (
			);
			name = Fractal;
			productName = Fractal;
			productReference = 8F400DB11DBD104400E90473 /* Fractal.app */;
			productType = "com.apple.product-type.application";
		};
		8F400DC41DBD104400E90473 /* FractalTests */ = {
			isa = PBXNativeTarget;
			buildConfigurationList = 8F400DDC1DBD104400E90473 /* Build configuration list for PBXNativeTarget "FractalTests" */;
			buildPhases = (
				8F400DC11DBD104400E90473 /* Sources */,
				8F400DC21DBD104400E90473 /* Frameworks */,
				8F400DC31DBD104400E90473 /* Resources */,
			);
			buildRules = (
			);
			dependencies = (
				8F400DC71DBD104400E90473 /* PBXTargetDependency */,
			);
			name = FractalTests;
			productName = FractalTests;
			productReference = 8F400DC51DBD104400E90473 /* FractalTests.xctest */;
			productType = "com.apple.product-type.bundle.unit-test";
		};
		8F400DCF1DBD104400E90473 /* FractalUITests */ = {
			isa = PBXNativeTarget;
			buildConfigurationList = 8F400DDF1DBD104400E90473 /* Build configuration list for PBXNativeTarget "FractalUITests" */;
			buildPhases = (
				8F400DCC1DBD104400E90473 /* Sources */,
				8F400DCD1DBD104400E90473 /* Frameworks */,
				8F400DCE1DBD104400E90473 /* Resources */,
			);
			buildRules = (
			);
			dependencies = (
				8F400DD21DBD104400E90473 /* PBXTargetDependency */,
			);
			name = FractalUITests;
			productName = FractalUITests;
			productReference = 8F400DD01DBD104400E90473 /* FractalUITests.xctest */;
			productType = "com.apple.product-type.bundle.ui-testing";
		};
/* End PBXNativeTarget section */

/* Begin PBXProject section */
		8F400DA91DBD104400E90473 /* Project object */ = {
			isa = PBXProject;
			attributes = {
				LastSwiftUpdateCheck = 0730;
				LastUpgradeCheck = 0730;
				ORGANIZATIONNAME = "Andy Stef";
				TargetAttributes = {
					8F400DB01DBD104400E90473 = {
						CreatedOnToolsVersion = 7.3.1;
					};
					8F400DC41DBD104400E90473 = {
						CreatedOnToolsVersion = 7.3.1;
						TestTargetID = 8F400DB01DBD104400E90473;
					};
					8F400DCF1DBD104400E90473 = {
						CreatedOnToolsVersion = 7.3.1;
						TestTargetID = 8F400DB01DBD104400E90473;
					};
				};
			};
			buildConfigurationList = 8F400DAC1DBD104400E90473 /* Build configuration list for PBXProject "Fractal" */;
			compatibilityVersion = "Xcode 3.2";
			developmentRegion = English;
			hasScannedForEncodings = 0;
			knownRegions = (
				en,
				Base,
			);
			mainGroup = 8F400DA81DBD104400E90473;
			productRefGroup = 8F400DB21DBD104400E90473 /* Products */;
			projectDirPath = "";
			projectRoot = "";
			targets = (
				8F400DB01DBD104400E90473 /* Fractal */,
				8F400DC41DBD104400E90473 /* FractalTests */,
				8F400DCF1DBD104400E90473 /* FractalUITests */,
			);
		};
/* End PBXProject section */

/* Begin PBXResourcesBuildPhase section */
		8F400DAF1DBD104400E90473 /* Resources */ = {
			isa = PBXResourcesBuildPhase;
			buildActionMask = 2147483647;
			files = (
				8F400DBF1DBD104400E90473 /* LaunchScreen.storyboard in Resources */,
				8F400DBC1DBD104400E90473 /* Assets.xcassets in Resources */,
				8F400DBA1DBD104400E90473 /* Main.storyboard in Resources */,
			);
			runOnlyForDeploymentPostprocessing = 0;
		};
		8F400DC31DBD104400E90473 /* Resources */ = {
			isa = PBXResourcesBuildPhase;
			buildActionMask = 2147483647;
			files = (
			);
			runOnlyForDeploymentPostprocessing = 0;
		};
		8F400DCE1DBD104400E90473 /* Resources */ = {
			isa = PBXResourcesBuildPhase;
			buildActionMask = 2147483647;
			files = (
			);
			runOnlyForDeploymentPostprocessing = 0;
		};
/* End PBXResourcesBuildPhase section */

/* Begin PBXSourcesBuildPhase section */
		8F400DAD1DBD104400E90473 /* Sources */ = {
			isa = PBXSourcesBuildPhase;
			buildActionMask = 2147483647;
			files = (
				8F400DB71DBD104400E90473 /* ViewController.swift in Sources */,
				8F400DB51DBD104400E90473 /* AppDelegate.swift in Sources */,
			);
			runOnlyForDeploymentPostprocessing = 0;
		};
		8F400DC11DBD104400E90473 /* Sources */ = {
			isa = PBXSourcesBuildPhase;
			buildActionMask = 2147483647;
			files = (
				8F400DCA1DBD104400E90473 /* FractalTests.swift in Sources */,
			);
			runOnlyForDeploymentPostprocessing = 0;
		};
		8F400DCC1DBD104400E90473 /* Sources */ = {
			isa = PBXSourcesBuildPhase;
			buildActionMask = 2147483647;
			files = (
				8F400DD51DBD104400E90473 /* FractalUITests.swift in Sources */,
			);
			runOnlyForDeploymentPostprocessing = 0;
		};
/* End PBXSourcesBuildPhase section */

/* Begin PBXTargetDependency section */
		8F400DC71DBD104400E90473 /* PBXTargetDependency */ = {
			isa = PBXTargetDependency;
			target = 8F400DB01DBD104400E90473 /* Fractal */;
			targetProxy = 8F400DC61DBD104400E90473 /* PBXContainerItemProxy */;
		};
		8F400DD21DBD104400E90473 /* PBXTargetDependency */ = {
			isa = PBXTargetDependency;
			target = 8F400DB01DBD104400E90473 /* Fractal */;
			targetProxy = 8F400DD11DBD104400E90473 /* PBXContainerItemProxy */;
		};
/* End PBXTargetDependency section */

/* Begin PBXVariantGroup section */
		8F400DB81DBD104400E90473 /* Main.storyboard */ = {
			isa = PBXVariantGroup;
			children = (
				8F400DB91DBD104400E90473 /* Base */,
			);
			name = Main.storyboard;
			sourceTree = "<group>";
		};
		8F400DBD1DBD104400E90473 /* LaunchScreen.storyboard */ = {
			isa = PBXVariantGroup;
			children = (
				8F400DBE1DBD104400E90473 /* Base */,
			);
			name = LaunchScreen.storyboard;
			sourceTree = "<group>";
		};
/* End PBXVariantGroup section */

/* Begin XCBuildConfiguration section */
		8F400DD71DBD104400E90473 /* Debug */ = {
			isa = XCBuildConfiguration;
			buildSettings = {
				ALWAYS_SEARCH_USER_PATHS = NO;
				CLANG_ANALYZER_NONNULL = YES;
				CLANG_CXX_LANGUAGE_STANDARD = "gnu++0x";
				CLANG_CXX_LIBRARY = "libc++";
				CLANG_ENABLE_MODULES = YES;
				CLANG_ENABLE_OBJC_ARC = YES;
				CLANG_WARN_BOOL_CONVERSION = YES;
				CLANG_WARN_CONSTANT_CONVERSION = YES;
				CLANG_WARN_DIRECT_OBJC_ISA_USAGE = YES_ERROR;
				CLANG_WARN_EMPTY_BODY = YES;
				CLANG_WARN_ENUM_CONVERSION = YES;
				CLANG_WARN_INT_CONVERSION = YES;
				CLANG_WARN_OBJC_ROOT_CLASS = YES_ERROR;
				CLANG_WARN_UNREACHABLE_CODE = YES;
				CLANG_WARN__DUPLICATE_METHOD_MATCH = YES;
				"CODE_SIGN_IDENTITY[sdk=iphoneos*]" = "iPhone Developer";
				COPY_PHASE_STRIP = NO;
				DEBUG_INFORMATION_FORMAT = dwarf;
				ENABLE_STRICT_OBJC_MSGSEND = YES;
				ENABLE_TESTABILITY = YES;
				GCC_C_LANGUAGE_STANDARD = gnu99;
				GCC_DYNAMIC_NO_PIC = NO;
				GCC_NO_COMMON_BLOCKS = YES;
				GCC_OPTIMIZATION_LEVEL = 0;
				GCC_PREPROCESSOR_DEFINITIONS = (
					"DEBUG=1",
					"$(inherited)",
				);
				GCC_WARN_64_TO_32_BIT_CONVERSION = YES;
				GCC_WARN_ABOUT_RETURN_TYPE = YES_ERROR;
				GCC_WARN_UNDECLARED_SELECTOR = YES;
				GCC_WARN_UNINITIALIZED_AUTOS = YES_AGGRESSIVE;
				GCC_WARN_UNUSED_FUNCTION = YES;
				GCC_WARN_UNUSED_VARIABLE = YES;
				IPHONEOS_DEPLOYMENT_TARGET = 9.3;
				MTL_ENABLE_DEBUG_INFO = YES;
				ONLY_ACTIVE_ARCH = YES;
				SDKROOT = iphoneos;
				SWIFT_OPTIMIZATION_LEVEL = "-Onone";
				TARGETED_DEVICE_FAMILY = "1,2";
			};
			name = Debug;
		};
		8F400DD81DBD104400E90473 /* Release */ = {
			isa = XCBuildConfiguration;
			buildSettings = {
				ALWAYS_SEARCH_USER_PATHS = NO;
				CLANG_ANALYZER_NONNULL = YES;
				CLANG_CXX_LANGUAGE_STANDARD = "gnu++0x";
				CLANG_CXX_LIBRARY = "libc++";
				CLANG_ENABLE_MODULES = YES;
				CLANG_ENABLE_OBJC_ARC = YES;
				CLANG_WARN_BOOL_CONVERSION = YES;
				CLANG_WARN_CONSTANT_CONVERSION = YES;
				CLANG_WARN_DIRECT_OBJC_ISA_USAGE = YES_ERROR;
				CLANG_WARN_EMPTY_BODY = YES;
				CLANG_WARN_ENUM_CONVERSION = YES;
				CLANG_WARN_INT_CONVERSION = YES;
				CLANG_WARN_OBJC_ROOT_CLASS = YES_ERROR;
				CLANG_WARN_UNREACHABLE_CODE = YES;
				CLANG_WARN__DUPLICATE_METHOD_MATCH = YES;
				"CODE_SIGN_IDENTITY[sdk=iphoneos*]" = "iPhone Developer";
				COPY_PHASE_STRIP = NO;
				DEBUG_INFORMATION_FORMAT = "dwarf-with-dsym";
				ENABLE_NS_ASSERTIONS = NO;
				ENABLE_STRICT_OBJC_MSGSEND = YES;
				GCC_C_LANGUAGE_STANDARD = gnu99;
				GCC_NO_COMMON_BLOCKS = YES;
				GCC_WARN_64_TO_32_BIT_CONVERSION = YES;
				GCC_WARN_ABOUT_RETURN_TYPE = YES_ERROR;
				GCC_WARN_UNDECLARED_SELECTOR = YES;
				GCC_WARN_UNINITIALIZED_AUTOS = YES_AGGRESSIVE;
				GCC_WARN_UNUSED_FUNCTION = YES;
				GCC_WARN_UNUSED_VARIABLE = YES;
				IPHONEOS_DEPLOYMENT_TARGET = 9.3;
				MTL_ENABLE_DEBUG_INFO = NO;
				SDKROOT = iphoneos;
				TARGETED_DEVICE_FAMILY = "1,2";
				VALIDATE_PRODUCT = YES;
			};
			name = Release;
		};
		8F400DDA1DBD104400E90473 /* Debug */ = {
			isa = XCBuildConfiguration;
			buildSettings = {
				ASSETCATALOG_COMPILER_APPICON_NAME = AppIcon;
				INFOPLIST_FILE = Fractal/Info.plist;
				LD_RUNPATH_SEARCH_PATHS = "$(inherited) @executable_path/Frameworks";
				PRODUCT_BUNDLE_IDENTIFIER = AS.Fractal;
				PRODUCT_NAME = "$(TARGET_NAME)";
			};
			name = Debug;
		};
		8F400DDB1DBD104400E90473 /* Release */ = {
			isa = XCBuildConfiguration;
			buildSettings = {
				ASSETCATALOG_COMPILER_APPICON_NAME = AppIcon;
				INFOPLIST_FILE = Fractal/Info.plist;
				LD_RUNPATH_SEARCH_PATHS = "$(inherited) @executable_path/Frameworks";
				PRODUCT_BUNDLE_IDENTIFIER = AS.Fractal;
				PRODUCT_NAME = "$(TARGET_NAME)";
			};
			name = Release;
		};
		8F400DDD1DBD104400E90473 /* Debug */ = {
			isa = XCBuildConfiguration;
			buildSettings = {
				BUNDLE_LOADER = "$(TEST_HOST)";
				INFOPLIST_FILE = FractalTests/Info.plist;
				LD_RUNPATH_SEARCH_PATHS = "$(inherited) @executable_path/Frameworks @loader_path/Frameworks";
				PRODUCT_BUNDLE_IDENTIFIER = AS.FractalTests;
				PRODUCT_NAME = "$(TARGET_NAME)";
				TEST_HOST = "$(BUILT_PRODUCTS_DIR)/Fractal.app/Fractal";
			};
			name = Debug;
		};
		8F400DDE1DBD104400E90473 /* Release */ = {
			isa = XCBuildConfiguration;
			buildSettings = {
				BUNDLE_LOADER = "$(TEST_HOST)";
				INFOPLIST_FILE = FractalTests/Info.plist;
				LD_RUNPATH_SEARCH_PATHS = "$(inherited) @executable_path/Frameworks @loader_path/Frameworks";
				PRODUCT_BUNDLE_IDENTIFIER = AS.FractalTests;
				PRODUCT_NAME = "$(TARGET_NAME)";
				TEST_HOST = "$(BUILT_PRODUCTS_DIR)/Fractal.app/Fractal";
			};
			name = Release;
		};
		8F400DE01DBD104400E90473 /* Debug */ = {
			isa = XCBuildConfiguration;
			buildSettings = {
				INFOPLIST_FILE = FractalUITests/Info.plist;
				LD_RUNPATH_SEARCH_PATHS = "$(inherited) @executable_path/Frameworks @loader_path/Frameworks";
				PRODUCT_BUNDLE_IDENTIFIER = AS.FractalUITests;
				PRODUCT_NAME = "$(TARGET_NAME)";
				TEST_TARGET_NAME = Fractal;
			};
			name = Debug;
		};
		8F400DE11DBD104400E90473 /* Release */ = {
			isa = XCBuildConfiguration;
			buildSettings = {
				INFOPLIST_FILE = FractalUITests/Info.plist;
				LD_RUNPATH_SEARCH_PATHS = "$(inherited) @executable_path/Frameworks @loader_path/Frameworks";
				PRODUCT_BUNDLE_IDENTIFIER = AS.FractalUITests;
				PRODUCT_NAME = "$(TARGET_NAME)";
				TEST_TARGET_NAME = Fractal;
			};
			name = Release;
		};
/* End XCBuildConfiguration section */

/* Begin XCConfigurationList section */
		8F400DAC1DBD104400E90473 /* Build configuration list for PBXProject "Fractal" */ = {
			isa = XCConfigurationList;
			buildConfigurations = (
				8F400DD71DBD104400E90473 /* Debug */,
				8F400DD81DBD104400E90473 /* Release */,
			);
			defaultConfigurationIsVisible = 0;
			defaultConfigurationName = Release;
		};
		8F400DD91DBD104400E90473 /* Build configuration list for PBXNativeTarget "Fractal" */ = {
			isa = XCConfigurationList;
			buildConfigurations = (
				8F400DDA1DBD104400E90473 /* Debug */,
				8F400DDB1DBD104400E90473 /* Release */,
			);
			defaultConfigurationIsVisible = 0;
		};
		8F400DDC1DBD104400E90473 /* Build configuration list for PBXNativeTarget "FractalTests" */ = {
			isa = XCConfigurationList;
			buildConfigurations = (
				8F400DDD1DBD104400E90473 /* Debug */,
				8F400DDE1DBD104400E90473 /* Release */,
			);
			defaultConfigurationIsVisible = 0;
		};
		8F400DDF1DBD104400E90473 /* Build configuration list for PBXNativeTarget "FractalUITests" */ = {
			isa = XCConfigurationList;
			buildConfigurations = (
				8F400DE01DBD104400E90473 /* Debug */,
				8F400DE11DBD104400E90473 /* Release */,
			);
			defaultConfigurationIsVisible = 0;
		};
/* End XCConfigurationList section */
	};
	rootObject = 8F400DA91DBD104400E90473 /* Project object */;
}
